<?xml version="1.0" encoding="utf-8"?>
<Project ToolsVersion="4.0" xmlns="http://schemas.microsoft.com/developer/msbuild/2003">
  <ItemGroup>
    <Text Include="ReadMe.txt" />
  </ItemGroup>
  <ItemGroup>
    <Filter Include="OpenGL">
      <UniqueIdentifier>{9235c3a0-2e85-4763-b271-7d8f2c704369}</UniqueIdentifier>
    </Filter>
  </ItemGroup>
  <ItemGroup>
    <ClCompile Include="OpenGL\glrenderer.cpp">
      <Filter>OpenGL</Filter>
    </ClCompile>
    <ClCompile Include="Renderer.cpp" />
    <ClCompile Include="OpenGL\shadermanager.cpp" />
  </ItemGroup>
  <ItemGroup>
    <ClInclude Include="OpenGL\glrenderer.h">
      <Filter>OpenGL</Filter>
    </ClInclude>
    <ClInclude Include="Renderer.h" />
    <ClInclude Include="OpenGL\shadermanager.h" />
    <ClInclude Include="precompiled.h" />
  </ItemGroup>
</Project>